
Microsoft Visual Studio Solution File, Format Version 12.00
# Visual Studio 15
VisualStudioVersion = 15.0.27130.2010
MinimumVisualStudioVersion = 10.0.40219.1
Project("{9A19103F-16F7-4668-BE54-9A1E7A4F7556}") = "todoApi", "todoApi.csproj", "{EE1530F0-B173-4A8F-8924-2BCC36386176}"
EndProject
Global
	GlobalSection(SolutionConfigurationPlatforms) = preSolution
		Debug|Any CPU = Debug|Any CPU
		Release|Any CPU = Release|Any CPU
	EndGlobalSection
	GlobalSection(ProjectConfigurationPlatforms) = postSolution
		{EE1530F0-B173-4A8F-8924-2BCC36386176}.Debug|Any CPU.ActiveCfg = Debug|Any CPU
		{EE1530F0-B173-4A8F-8924-2BCC36386176}.Debug|Any CPU.Build.0 = Debug|Any CPU
		{EE1530F0-B173-4A8F-8924-2BCC36386176}.Release|Any CPU.ActiveCfg = Release|Any CPU
		{EE1530F0-B173-4A8F-8924-2BCC36386176}.Release|Any CPU.Build.0 = Release|Any CPU
	EndGlobalSection
	GlobalSection(SolutionProperties) = preSolution
		HideSolutionNode = FALSE
	EndGlobalSection
	GlobalSection(ExtensibilityGlobals) = postSolution
		SolutionGuid = {32AE3C7B-10EB-4A6A-BD41-F41FC6861F7F}
	EndGlobalSection
EndGlobal
